<?xml version="1.0" encoding="utf-8"?>
<Project ToolsVersion="4.0" xmlns="http://schemas.microsoft.com/developer/msbuild/2003">
  <ItemGroup>
    <Filter Include="Source Files">
      <UniqueIdentifier>{4FC737F1-C7A5-4376-A066-2A32D752A2FF}</UniqueIdentifier>
      <Extensions>cpp;c;cc;cxx;c++;cppm;ixx;def;odl;idl;hpj;bat;asm;asmx</Extensions>
    </Filter>
    <Filter Include="Header Files">
      <UniqueIdentifier>{93995380-89BD-4b04-88EB-625FBE52EBFB}</UniqueIdentifier>
      <Extensions>h;hh;hpp;hxx;h++;hm;inl;inc;ipp;xsd</Extensions>
    </Filter>
    <Filter Include="Resource Files">
      <UniqueIdentifier>{67DA6AB6-F800-4c08-8B7A-83BB121AAD01}</UniqueIdentifier>
      <Extensions>rc;ico;cur;bmp;dlg;rc2;rct;bin;rgs;gif;jpg;jpeg;jpe;resx;tiff;tif;png;wav;mfcribbon-ms</Extensions>
    </Filter>
    <Filter Include="Header Files\Components">
      <UniqueIdentifier>{2905a31c-468d-48b3-bf31-4cfb91fa55e7}</UniqueIdentifier>
    </Filter>
    <Filter Include="Header Files\Systems">
      <UniqueIdentifier>{f03dd917-b039-45de-b5a2-19e9da902cc3}</UniqueIdentifier>
    </Filter>
    <Filter Include="Header Files\DebugTools">
      <UniqueIdentifier>{90590c58-e82a-47f0-8f98-bd80d51de15a}</UniqueIdentifier>
    </Filter>
    <Filter Include="Source Files\DebugTools">
      <UniqueIdentifier>{86890a1b-2c59-4211-b8b9-2f3f82139819}</UniqueIdentifier>
    </Filter>
    <Filter Include="Header Files\Interfaces">
      <UniqueIdentifier>{cfdaaacd-4272-4950-8e9c-6a7ec6bc1c59}</UniqueIdentifier>
    </Filter>
    <Filter Include="Header Files\UI">
      <UniqueIdentifier>{6bba4be8-81f0-48af-8194-2bb8e771b9a5}</UniqueIdentifier>
    </Filter>
    <Filter Include="Source Files\UI">
      <UniqueIdentifier>{5b80d706-6356-487d-a22c-16503eb0498a}</UniqueIdentifier>
    </Filter>
    <Filter Include="Source Files\System">
      <UniqueIdentifier>{c8520844-75cf-4d76-a429-65ddc5792cf6}</UniqueIdentifier>
    </Filter>
    <Filter Include="Header Files\3rd Party">
      <UniqueIdentifier>{c06aa733-854b-42ae-aaf2-129a6441b86d}</UniqueIdentifier>
    </Filter>
    <Filter Include="Header Files\3rd Party\rectpack2d">
      <UniqueIdentifier>{d36024a6-5daf-4e94-a52d-7b24957965ea}</UniqueIdentifier>
    </Filter>
  </ItemGroup>
  <ItemGroup>
    <ClCompile Include="Main.cpp">
      <Filter>Source Files</Filter>
    </ClCompile>
    <ClCompile Include="SDL_FontCache.c">
      <Filter>Source Files</Filter>
    </ClCompile>
    <ClCompile Include="Map.cpp">
      <Filter>Source Files</Filter>
    </ClCompile>
    <ClCompile Include="SurfaceDrawing.cpp">
      <Filter>Source Files</Filter>
    </ClCompile>
    <ClCompile Include="Util.cpp">
      <Filter>Source Files</Filter>
    </ClCompile>
    <ClCompile Include="Game.cpp">
      <Filter>Source Files</Filter>
    </ClCompile>
    <ClCompile Include="TextureAtlas.cpp">
      <Filter>Source Files</Filter>
    </ClCompile>
    <ClCompile Include="Player.cpp">
      <Filter>Source Files</Filter>
    </ClCompile>
    <ClCompile Include="EntityManager.cpp">
      <Filter>Source Files</Filter>
    </ClCompile>
    <ClCompile Include="RenderTarget.cpp">
      <Filter>Source Files</Filter>
    </ClCompile>
    <ClCompile Include="ADebugTool.cpp">
      <Filter>Source Files\DebugTools</Filter>
    </ClCompile>
    <ClCompile Include="DebugTool_Lighting.cpp">
      <Filter>Source Files\DebugTools</Filter>
    </ClCompile>
    <ClCompile Include="DebugTool_Placeholder.cpp">
      <Filter>Source Files\DebugTools</Filter>
    </ClCompile>
    <ClCompile Include="FontAtlas.cpp">
      <Filter>Source Files</Filter>
    </ClCompile>
    <ClCompile Include="DebugTool_RayCast.cpp">
      <Filter>Source Files\DebugTools</Filter>
    </ClCompile>
    <ClCompile Include="Camera.cpp">
      <Filter>Source Files</Filter>
    </ClCompile>
    <ClCompile Include="Input.cpp">
      <Filter>Source Files</Filter>
    </ClCompile>
    <ClCompile Include="Raycast.cpp">
      <Filter>Source Files</Filter>
    </ClCompile>
    <ClCompile Include="Line.cpp">
      <Filter>Source Files</Filter>
    </ClCompile>
    <ClCompile Include="Polygon.cpp">
      <Filter>Source Files</Filter>
    </ClCompile>
    <ClCompile Include="Window.cpp">
      <Filter>Source Files</Filter>
    </ClCompile>
    <ClCompile Include="DebugTool_Camera.cpp">
      <Filter>Source Files\DebugTools</Filter>
    </ClCompile>
    <ClCompile Include="System_Position.cpp">
      <Filter>Source Files\System</Filter>
    </ClCompile>
    <ClCompile Include="Widget.cpp">
      <Filter>Source Files\UI</Filter>
    </ClCompile>
    <ClCompile Include="UIWidget_Pane.cpp">
      <Filter>Source Files\UI</Filter>
    </ClCompile>
    <ClCompile Include="UIWidget_Button.cpp">
      <Filter>Source Files\UI</Filter>
    </ClCompile>
    <ClCompile Include="UIWidget_Cycle.cpp">
      <Filter>Source Files\UI</Filter>
    </ClCompile>
    <ClCompile Include="UIWidget_Line.cpp">
      <Filter>Source Files\UI</Filter>
    </ClCompile>
    <ClCompile Include="UIWidget_Label.cpp">
      <Filter>Source Files\UI</Filter>
    </ClCompile>
    <ClCompile Include="UIWidget_Scrollbar.cpp">
      <Filter>Source Files\UI</Filter>
    </ClCompile>
    <ClCompile Include="UIWidget_DebugToolView.cpp">
      <Filter>Source Files\UI</Filter>
    </ClCompile>
    <ClCompile Include="UIWidget_Checkbox.cpp">
      <Filter>Source Files\UI</Filter>
    </ClCompile>
    <ClCompile Include="Renderer.cpp">
      <Filter>Source Files</Filter>
    </ClCompile>
    <ClCompile Include="UIWidget_PaneViewer.cpp">
      <Filter>Source Files\UI</Filter>
    </ClCompile>
  </ItemGroup>
  <ItemGroup>
    <ClInclude Include="SDL_FontCache.h">
      <Filter>Header Files</Filter>
    </ClInclude>
    <ClInclude Include="Map.h">
      <Filter>Header Files</Filter>
    </ClInclude>
    <ClInclude Include="SurfaceDrawing.h">
      <Filter>Header Files</Filter>
    </ClInclude>
    <ClInclude Include="Util.h">
      <Filter>Header Files</Filter>
    </ClInclude>
    <ClInclude Include="Game.h">
      <Filter>Header Files</Filter>
    </ClInclude>
    <ClInclude Include="Player.h">
      <Filter>Header Files</Filter>
    </ClInclude>
    <ClInclude Include="TextureAtlas.h">
      <Filter>Header Files</Filter>
    </ClInclude>
    <ClInclude Include="EntityManager.h">
      <Filter>Header Files</Filter>
    </ClInclude>
    <ClInclude Include="Component_Position.h">
      <Filter>Header Files\Components</Filter>
    </ClInclude>
    <ClInclude Include="AComponent.h">
      <Filter>Header Files\Components</Filter>
    </ClInclude>
    <ClInclude Include="System_Position.h">
      <Filter>Header Files\Systems</Filter>
    </ClInclude>
    <ClInclude Include="RenderTarget.h">
      <Filter>Header Files</Filter>
    </ClInclude>
    <ClInclude Include="ADebugTool.h">
      <Filter>Header Files\DebugTools</Filter>
    </ClInclude>
    <ClInclude Include="DebugTool_Lighting.h">
      <Filter>Header Files\DebugTools</Filter>
    </ClInclude>
    <ClInclude Include="DebugTool_Placeholder.h">
      <Filter>Header Files\DebugTools</Filter>
    </ClInclude>
    <ClInclude Include="FontAtlas.h">
      <Filter>Header Files</Filter>
    </ClInclude>
    <ClInclude Include="DebugTool_RayCast.h">
      <Filter>Header Files\DebugTools</Filter>
    </ClInclude>
    <ClInclude Include="Camera.h">
      <Filter>Header Files</Filter>
    </ClInclude>
    <ClInclude Include="Input.h">
      <Filter>Header Files</Filter>
    </ClInclude>
    <ClInclude Include="Line.h">
      <Filter>Header Files</Filter>
    </ClInclude>
    <ClInclude Include="Raycast.h">
      <Filter>Header Files</Filter>
    </ClInclude>
    <ClInclude Include="Polygon.h">
      <Filter>Header Files</Filter>
    </ClInclude>
    <ClInclude Include="IPolyPoints.h">
      <Filter>Header Files\Interfaces</Filter>
    </ClInclude>
    <ClInclude Include="Window.h">
      <Filter>Header Files</Filter>
    </ClInclude>
    <ClInclude Include="PlayerController.h">
      <Filter>Header Files</Filter>
    </ClInclude>
    <ClInclude Include="DebugTool_Camera.h">
      <Filter>Header Files\DebugTools</Filter>
    </ClInclude>
    <ClInclude Include="Component_Physics.h">
      <Filter>Header Files\Components</Filter>
    </ClInclude>
    <ClInclude Include="Component_Collision.h">
      <Filter>Header Files\Components</Filter>
    </ClInclude>
    <ClInclude Include="Widget.h">
      <Filter>Header Files\UI</Filter>
    </ClInclude>
    <ClInclude Include="UIWidget_Pane.h">
      <Filter>Header Files\UI</Filter>
    </ClInclude>
    <ClInclude Include="UIWidget_Button.h">
      <Filter>Header Files\UI</Filter>
    </ClInclude>
    <ClInclude Include="UIWidget_Cycle.h">
      <Filter>Header Files\UI</Filter>
    </ClInclude>
    <ClInclude Include="3rd Party\rectpack2d\finders_interface.h">
      <Filter>Header Files\3rd Party\rectpack2d</Filter>
    </ClInclude>
    <ClInclude Include="3rd Party\rectpack2d\insert_and_split.h">
      <Filter>Header Files\3rd Party\rectpack2d</Filter>
    </ClInclude>
    <ClInclude Include="3rd Party\rectpack2d\rect_structs.h">
      <Filter>Header Files\3rd Party\rectpack2d</Filter>
    </ClInclude>
    <ClInclude Include="3rd Party\rectpack2d\best_bin_finder.h">
      <Filter>Header Files\3rd Party\rectpack2d</Filter>
    </ClInclude>
    <ClInclude Include="3rd Party\rectpack2d\empty_space_allocators.h">
      <Filter>Header Files\3rd Party\rectpack2d</Filter>
    </ClInclude>
    <ClInclude Include="3rd Party\rectpack2d\empty_spaces.h">
      <Filter>Header Files\3rd Party\rectpack2d</Filter>
    </ClInclude>
    <ClInclude Include="UIWidget_Scrollbar.h">
      <Filter>Header Files\UI</Filter>
    </ClInclude>
    <ClInclude Include="UIWidget_Line.h">
      <Filter>Header Files\UI</Filter>
    </ClInclude>
    <ClInclude Include="UIWidget_Label.h">
      <Filter>Header Files\UI</Filter>
    </ClInclude>
    <ClInclude Include="UIWidget_PaneViewer.h">
      <Filter>Header Files\UI</Filter>
    </ClInclude>
    <ClInclude Include="UIWidget_DebugToolView.h">
      <Filter>Header Files\UI</Filter>
    </ClInclude>
    <ClInclude Include="UIWidget_Checkbox.h">
      <Filter>Header Files\UI</Filter>
    </ClInclude>
    <ClInclude Include="Renderer.h">
      <Filter>Header Files</Filter>
    </ClInclude>
  </ItemGroup>
  <ItemGroup>
    <Text Include="Ideas.txt" />
  </ItemGroup>
</Project>